
Microsoft Visual Studio Solution File, Format Version 12.00
Project("{2150E333-8FDC-42A3-9474-1A3956D46DE8}") = "Server", "Server", "{CFB3ECFC-9283-4157-8D40-4500F41F90AA}"
EndProject
Project("{FAE04EC0-301F-11D3-BF4B-00C04F79EFBC}") = "Entities", "Server\Entities\Entities.csproj", "{710CC8F6-C626-4960-A2DD-0863C65C3DDF}"
EndProject
Project("{FAE04EC0-301F-11D3-BF4B-00C04F79EFBC}") = "RepositoryContracts", "Server\RepositoryContracts\RepositoryContracts.csproj", "{0209CDD1-0D05-4EE2-9833-1022A6749120}"
EndProject
Project("{FAE04EC0-301F-11D3-BF4B-00C04F79EFBC}") = "InMemoryRepositories", "Server\InMemoryRepositories\InMemoryRepositories.csproj", "{093F0053-A1B6-48B6-8CED-9DA358E0B07B}"
EndProject
Project("{FAE04EC0-301F-11D3-BF4B-00C04F79EFBC}") = "CLI", "Server\CLI\CLI.csproj", "{AC9AB793-DD43-456F-8CF3-53CCA3FFB942}"
EndProject
Global
	GlobalSection(SolutionConfigurationPlatforms) = preSolution
		Debug|Any CPU = Debug|Any CPU
		Release|Any CPU = Release|Any CPU
	EndGlobalSection
	GlobalSection(NestedProjects) = preSolution
		{710CC8F6-C626-4960-A2DD-0863C65C3DDF} = {CFB3ECFC-9283-4157-8D40-4500F41F90AA}
		{0209CDD1-0D05-4EE2-9833-1022A6749120} = {CFB3ECFC-9283-4157-8D40-4500F41F90AA}
		{093F0053-A1B6-48B6-8CED-9DA358E0B07B} = {CFB3ECFC-9283-4157-8D40-4500F41F90AA}
		{AC9AB793-DD43-456F-8CF3-53CCA3FFB942} = {CFB3ECFC-9283-4157-8D40-4500F41F90AA}
	EndGlobalSection
	GlobalSection(ProjectConfigurationPlatforms) = postSolution
		{710CC8F6-C626-4960-A2DD-0863C65C3DDF}.Debug|Any CPU.ActiveCfg = Debug|Any CPU
		{710CC8F6-C626-4960-A2DD-0863C65C3DDF}.Debug|Any CPU.Build.0 = Debug|Any CPU
		{710CC8F6-C626-4960-A2DD-0863C65C3DDF}.Release|Any CPU.ActiveCfg = Release|Any CPU
		{710CC8F6-C626-4960-A2DD-0863C65C3DDF}.Release|Any CPU.Build.0 = Release|Any CPU
		{0209CDD1-0D05-4EE2-9833-1022A6749120}.Debug|Any CPU.ActiveCfg = Debug|Any CPU
		{0209CDD1-0D05-4EE2-9833-1022A6749120}.Debug|Any CPU.Build.0 = Debug|Any CPU
		{0209CDD1-0D05-4EE2-9833-1022A6749120}.Release|Any CPU.ActiveCfg = Release|Any CPU
		{0209CDD1-0D05-4EE2-9833-1022A6749120}.Release|Any CPU.Build.0 = Release|Any CPU
		{093F0053-A1B6-48B6-8CED-9DA358E0B07B}.Debug|Any CPU.ActiveCfg = Debug|Any CPU
		{093F0053-A1B6-48B6-8CED-9DA358E0B07B}.Debug|Any CPU.Build.0 = Debug|Any CPU
		{093F0053-A1B6-48B6-8CED-9DA358E0B07B}.Release|Any CPU.ActiveCfg = Release|Any CPU
		{093F0053-A1B6-48B6-8CED-9DA358E0B07B}.Release|Any CPU.Build.0 = Release|Any CPU
		{AC9AB793-DD43-456F-8CF3-53CCA3FFB942}.Debug|Any CPU.ActiveCfg = Debug|Any CPU
		{AC9AB793-DD43-456F-8CF3-53CCA3FFB942}.Debug|Any CPU.Build.0 = Debug|Any CPU
		{AC9AB793-DD43-456F-8CF3-53CCA3FFB942}.Release|Any CPU.ActiveCfg = Release|Any CPU
		{AC9AB793-DD43-456F-8CF3-53CCA3FFB942}.Release|Any CPU.Build.0 = Release|Any CPU
	EndGlobalSection
EndGlobal
